
Microsoft Visual Studio Solution File, Format Version 12.00
# Visual Studio Version 16
VisualStudioVersion = 16.0.30223.230
MinimumVisualStudioVersion = 10.0.40219.1
Project("{FAE04EC0-301F-11D3-BF4B-00C04F79EFBC}") = "MapleShark", "MapleShark.csproj", "{01F7E3B6-B831-4D44-8B44-095768212822}"
EndProject
Global
	GlobalSection(SolutionConfigurationPlatforms) = preSolution
		Debug|Any CPU = Debug|Any CPU
		Release|Any CPU = Release|Any CPU
	EndGlobalSection
	GlobalSection(ProjectConfigurationPlatforms) = postSolution
		{01F7E3B6-B831-4D44-8B44-095768212822}.Debug|Any CPU.ActiveCfg = Debug|Any CPU
		{01F7E3B6-B831-4D44-8B44-095768212822}.Debug|Any CPU.Build.0 = Debug|Any CPU
		{01F7E3B6-B831-4D44-8B44-095768212822}.Release|Any CPU.ActiveCfg = Release|Any CPU
		{01F7E3B6-B831-4D44-8B44-095768212822}.Release|Any CPU.Build.0 = Release|Any CPU
	EndGlobalSection
	GlobalSection(SolutionProperties) = preSolution
		HideSolutionNode = FALSE
	EndGlobalSection
	GlobalSection(ExtensibilityGlobals) = postSolution
		SolutionGuid = {2CDCAAEA-E1C4-4B9B-9E13-AFCF1C6939FA}
	EndGlobalSection
EndGlobal
